
Microsoft Visual Studio Solution File, Format Version 12.00
# Visual Studio Version 16
VisualStudioVersion = 16.0.30621.155
MinimumVisualStudioVersion = 10.0.40219.1
Project("{FAE04EC0-301F-11D3-BF4B-00C04F79EFBC}") = "Day3", "Day3\Day3.csproj", "{5CEC9210-B97E-485F-8789-7E3BE1C43D94}"
EndProject
Global
	GlobalSection(SolutionConfigurationPlatforms) = preSolution
		Debug|Any CPU = Debug|Any CPU
		Release|Any CPU = Release|Any CPU
	EndGlobalSection
	GlobalSection(ProjectConfigurationPlatforms) = postSolution
		{5CEC9210-B97E-485F-8789-7E3BE1C43D94}.Debug|Any CPU.ActiveCfg = Debug|Any CPU
		{5CEC9210-B97E-485F-8789-7E3BE1C43D94}.Debug|Any CPU.Build.0 = Debug|Any CPU
		{5CEC9210-B97E-485F-8789-7E3BE1C43D94}.Release|Any CPU.ActiveCfg = Release|Any CPU
		{5CEC9210-B97E-485F-8789-7E3BE1C43D94}.Release|Any CPU.Build.0 = Release|Any CPU
	EndGlobalSection
	GlobalSection(SolutionProperties) = preSolution
		HideSolutionNode = FALSE
	EndGlobalSection
	GlobalSection(ExtensibilityGlobals) = postSolution
		SolutionGuid = {A3A6422F-9D35-4332-B615-9A250CA2382C}
	EndGlobalSection
EndGlobal
